# This file is automatically @generated by Poetry 1.6.1 and should not be changed by hand.

[[package]]
name = "zserio"
version = "2.11.0"
description = "Zserio runtime with compiler."
optional = false
python-versions = ">=3.8"
files = [
    {file = "zserio-2.11.0-py3-none-any.whl", hash = "sha256:b55ca198108fbc3a8133a65d241a20408af4b06ba87d3133819bbfde9bda8648"},
    {file = "zserio-2.11.0.tar.gz", hash = "sha256:0b2354964a8c3d88ff2521a542ebcba5353074f81afe0e2b3f87ffca7c002c70"},
]

[metadata]
lock-version = "2.0"
python-versions = "^3.10"
content-hash = "2ad4d22a9749cdaf6bc6a3aaafe46aebf1abda3a7ec87e773ab3403c48db25da"
