version = 1
revision = 1
requires-python = ">=3.11"

[[package]]
name = "rust-zserio-compare-to-reference-implementation-test"
version = "0.1.0"
source = { virtual = "." }
dependencies = [
    { name = "zserio" },
]

[package.metadata]
requires-dist = [{ name = "zserio", specifier = "~=2.16.0" }]

[[package]]
name = "zserio"
version = "2.16.0"
source = { registry = "https://pypi.org/simple" }
sdist = { url = "https://files.pythonhosted.org/packages/2a/5a/3c7aad6eef7e5294a55036549b4155c0b6e114fae0df05b849aeb5dc711e/zserio-2.16.0.tar.gz", hash = "sha256:892968e06b56b3631c9a2cb494383cd5dd0bcfb13f8910af25cb597057d52764", size = 7865 }
wheels = [
    { url = "https://files.pythonhosted.org/packages/67/a5/ac2576849a47e749b3f3cab76fca63c3f8e73598efde877c997ef458e8d7/zserio-2.16.0-py3-none-any.whl", hash = "sha256:d4a86261e4fab7cc942d49dd2526a6b1924ac89a14ceb360446032b64a1c77ff", size = 4728054 },
]
